PODS:
  - TestingFramework (1.0.0)

DEPENDENCIES:
  - TestingFramework (from `https://github.com/anoopkr207/TestingFramework.git`, branch `main`)

EXTERNAL SOURCES:
  TestingFramework:
    :branch: main
    :git: https://github.com/anoopkr207/TestingFramework.git

CHECKOUT OPTIONS:
  TestingFramework:
    :commit: 6c93e6b951f53035a3503766a056a4a8de1a5e2f
    :git: https://github.com/anoopkr207/TestingFramework.git

SPEC CHECKSUMS:
  TestingFramework: 341f41c68b7209bedb5aba9c09c0b59f111d93e8

PODFILE CHECKSUM: a1358dbc806ffe5fb277232c8c68d283f631777f

COCOAPODS: 1.10.0
